
Microsoft Visual Studio Solution File, Format Version 12.00
# Visual Studio Version 16
VisualStudioVersion = 16.0.30225.117
MinimumVisualStudioVersion = 10.0.40219.1
Project("{FAE04EC0-301F-11D3-BF4B-00C04F79EFBC}") = "exemplos_while_for", "exemplos_while_for\exemplos_while_for.csproj", "{C5DAD729-302A-4B43-9344-A41B57CCCE69}"
EndProject
Global
	GlobalSection(SolutionConfigurationPlatforms) = preSolution
		Debug|Any CPU = Debug|Any CPU
		Release|Any CPU = Release|Any CPU
	EndGlobalSection
	GlobalSection(ProjectConfigurationPlatforms) = postSolution
		{C5DAD729-302A-4B43-9344-A41B57CCCE69}.Debug|Any CPU.ActiveCfg = Debug|Any CPU
		{C5DAD729-302A-4B43-9344-A41B57CCCE69}.Debug|Any CPU.Build.0 = Debug|Any CPU
		{C5DAD729-302A-4B43-9344-A41B57CCCE69}.Release|Any CPU.ActiveCfg = Release|Any CPU
		{C5DAD729-302A-4B43-9344-A41B57CCCE69}.Release|Any CPU.Build.0 = Release|Any CPU
	EndGlobalSection
	GlobalSection(SolutionProperties) = preSolution
		HideSolutionNode = FALSE
	EndGlobalSection
	GlobalSection(ExtensibilityGlobals) = postSolution
		SolutionGuid = {8FC05AF4-091A-4584-9139-4B2F8338F95A}
	EndGlobalSection
EndGlobal
